{
    "_readme": [
        "This file locks the dependencies of your project to a known state",
        "Read more about it at https://getcomposer.org/doc/01-basic-usage.md#installing-dependencies",
        "This file is @generated automatically"
    ],
    "content-hash": "747f22e1e79ecec093cb724114d0cc2c",
    "packages": [
        {
            "name": "brick/math",
            "version": "0.13.1",
            "source": {
                "type": "git",
                "url": "https://github.com/brick/math.git",
                "reference": "fc7ed316430118cc7836bf45faff18d5dfc8de04"
            },
            "dist": {
                "type": "zip",
                "url": "https://api.github.com/repos/brick/math/zipball/fc7ed316430118cc7836bf45faff18d5dfc8de04",
                "reference": "fc7ed316430118cc7836bf45faff18d5dfc8de04",
                "shasum": ""
            },
            "require": {
                "php": "^8.1"
            },
            "require-dev": {
                "php-coveralls/php-coveralls": "^2.2",
                "phpunit/phpunit": "^10.1",
                "vimeo/psalm": "6.8.8"
            },
            "type": "library",
            "autoload": {
                "psr-4": {
                    "Brick\\Math\\": "src/"
                }
            },
            "notification-url": "https://packagist.org/downloads/",
            "license": [
                "MIT"
            ],
            "description": "Arbitrary-precision arithmetic library",
            "keywords": [
                "Arbitrary-precision",
                "BigInteger",
                "BigRational",
                "arithmetic",
                "bigdecimal",
                "bignum",
                "bignumber",
                "brick",
                "decimal",
                "integer",
                "math",
                "mathematics",
                "rational"
            ],
            "support": {
                "issues": "https://github.com/brick/math/issues",
                "source": "https://github.com/brick/math/tree/0.13.1"
            },
            "funding": [
                {
                    "url": "https://github.com/BenMorel",
                    "type": "github"
                }
            ],
            "time": "2025-03-29T13:50:30+00:00"
        },
        {
            "name": "graham-campbell/result-type",
            "version": "v1.1.3",
            "source": {
                "type": "git",
                "url": "https://github.com/GrahamCampbell/Result-Type.git",
                "reference": "3ba905c11371512af9d9bdd27d99b782216b6945"
            },
            "dist": {
                "type": "zip",
                "url": "https://api.github.com/repos/GrahamCampbell/Result-Type/zipball/3ba905c11371512af9d9bdd27d99b782216b6945",
                "reference": "3ba905c11371512af9d9bdd27d99b782216b6945",
                "shasum": ""
            },
            "require": {
                "php": "^7.2.5 || ^8.0",
                "phpoption/phpoption": "^1.9.3"
            },
            "require-dev": {
                "phpunit/phpunit": "^8.5.39 || ^9.6.20 || ^10.5.28"
            },
            "type": "library",
            "autoload": {
                "psr-4": {
                    "GrahamCampbell\\ResultType\\": "src/"
                }
            },
            "notification-url": "https://packagist.org/downloads/",
            "license": [
                "MIT"
            ],
            "authors": [
                {
                    "name": "Graham Campbell",
                    "email": "hello@gjcampbell.co.uk",
                    "homepage": "https://github.com/GrahamCampbell"
                }
            ],
            "description": "An Implementation Of The Result Type",
            "keywords": [
                "Graham Campbell",
                "GrahamCampbell",
                "Result Type",
                "Result-Type",
                "result"
            ],
            "support": {
                "issues": "https://github.com/GrahamCampbell/Result-Type/issues",
                "source": "https://github.com/GrahamCampbell/Result-Type/tree/v1.1.3"
            },
            "funding": [
                {
                    "url": "https://github.com/GrahamCampbell",
                    "type": "github"
                },
                {
                    "url": "https://tidelift.com/funding/github/packagist/graham-campbell/result-type",
                    "type": "tidelift"
                }
            ],
            "time": "2024-07-20T21:45:45+00:00"
        },
        {
            "name": "nikic/fast-route",
            "version": "v1.3.0",
            "source": {
                "type": "git",
                "url": "https://github.com/nikic/FastRoute.git",
                "reference": "181d480e08d9476e61381e04a71b34dc0432e812"
            },
            "dist": {
                "type": "zip",
                "url": "https://api.github.com/repos/nikic/FastRoute/zipball/181d480e08d9476e61381e04a71b34dc0432e812",
                "reference": "181d480e08d9476e61381e04a71b34dc0432e812",
                "shasum": ""
            },
            "require": {
                "php": ">=5.4.0"
            },
            "require-dev": {
                "phpunit/phpunit": "^4.8.35|~5.7"
            },
            "type": "library",
            "autoload": {
                "files": [
                    "src/functions.php"
                ],
                "psr-4": {
                    "FastRoute\\": "src/"
                }
            },
            "notification-url": "https://packagist.org/downloads/",
            "license": [
                "BSD-3-Clause"
            ],
            "authors": [
                {
                    "name": "Nikita Popov",
                    "email": "nikic@php.net"
                }
            ],
            "description": "Fast request router for PHP",
            "keywords": [
                "router",
                "routing"
            ],
            "support": {
                "issues": "https://github.com/nikic/FastRoute/issues",
                "source": "https://github.com/nikic/FastRoute/tree/master"
            },
            "time": "2018-02-13T20:26:39+00:00"
        },
        {
            "name": "phpoption/phpoption",
            "version": "1.9.3",
            "source": {
                "type": "git",
                "url": "https://github.com/schmittjoh/php-option.git",
                "reference": "e3fac8b24f56113f7cb96af14958c0dd16330f54"
            },
            "dist": {
                "type": "zip",
                "url": "https://api.github.com/repos/schmittjoh/php-option/zipball/e3fac8b24f56113f7cb96af14958c0dd16330f54",
                "reference": "e3fac8b24f56113f7cb96af14958c0dd16330f54",
                "shasum": ""
            },
            "require": {
                "php": "^7.2.5 || ^8.0"
            },
            "require-dev": {
                "bamarni/composer-bin-plugin": "^1.8.2",
                "phpunit/phpunit": "^8.5.39 || ^9.6.20 || ^10.5.28"
            },
            "type": "library",
            "extra": {
                "bamarni-bin": {
                    "bin-links": true,
                    "forward-command": false
                },
                "branch-alias": {
                    "dev-master": "1.9-dev"
                }
            },
            "autoload": {
                "psr-4": {
                    "PhpOption\\": "src/PhpOption/"
                }
            },
            "notification-url": "https://packagist.org/downloads/",
            "license": [
                "Apache-2.0"
            ],
            "authors": [
                {
                    "name": "Johannes M. Schmitt",
                    "email": "schmittjoh@gmail.com",
                    "homepage": "https://github.com/schmittjoh"
                },
                {
                    "name": "Graham Campbell",
                    "email": "hello@gjcampbell.co.uk",
                    "homepage": "https://github.com/GrahamCampbell"
                }
            ],
            "description": "Option Type for PHP",
            "keywords": [
                "language",
                "option",
                "php",
                "type"
            ],
            "support": {
                "issues": "https://github.com/schmittjoh/php-option/issues",
                "source": "https://github.com/schmittjoh/php-option/tree/1.9.3"
            },
            "funding": [
                {
                    "url": "https://github.com/GrahamCampbell",
                    "type": "github"
                },
                {
                    "url": "https://tidelift.com/funding/github/packagist/phpoption/phpoption",
                    "type": "tidelift"
                }
            ],
            "time": "2024-07-20T21:41:07+00:00"
        },
        {
            "name": "ramsey/collection",
            "version": "2.1.1",
            "source": {
                "type": "git",
                "url": "https://github.com/ramsey/collection.git",
                "reference": "344572933ad0181accbf4ba763e85a0306a8c5e2"
            },
            "dist": {
                "type": "zip",
                "url": "https://api.github.com/repos/ramsey/collection/zipball/344572933ad0181accbf4ba763e85a0306a8c5e2",
                "reference": "344572933ad0181accbf4ba763e85a0306a8c5e2",
                "shasum": ""
            },
            "require": {
                "php": "^8.1"
            },
            "require-dev": {
                "captainhook/plugin-composer": "^5.3",
                "ergebnis/composer-normalize": "^2.45",
                "fakerphp/faker": "^1.24",
                "hamcrest/hamcrest-php": "^2.0",
                "jangregor/phpstan-prophecy": "^2.1",
                "mockery/mockery": "^1.6",
                "php-parallel-lint/php-console-highlighter": "^1.0",
                "php-parallel-lint/php-parallel-lint": "^1.4",
                "phpspec/prophecy-phpunit": "^2.3",
                "phpstan/extension-installer": "^1.4",
                "phpstan/phpstan": "^2.1",
                "phpstan/phpstan-mockery": "^2.0",
                "phpstan/phpstan-phpunit": "^2.0",
                "phpunit/phpunit": "^10.5",
                "ramsey/coding-standard": "^2.3",
                "ramsey/conventional-commits": "^1.6",
                "roave/security-advisories": "dev-latest"
            },
            "type": "library",
            "extra": {
                "captainhook": {
                    "force-install": true
                },
                "ramsey/conventional-commits": {
                    "configFile": "conventional-commits.json"
                }
            },
            "autoload": {
                "psr-4": {
                    "Ramsey\\Collection\\": "src/"
                }
            },
            "notification-url": "https://packagist.org/downloads/",
            "license": [
                "MIT"
            ],
            "authors": [
                {
                    "name": "Ben Ramsey",
                    "email": "ben@benramsey.com",
                    "homepage": "https://benramsey.com"
                }
            ],
            "description": "A PHP library for representing and manipulating collections.",
            "keywords": [
                "array",
                "collection",
                "hash",
                "map",
                "queue",
                "set"
            ],
            "support": {
                "issues": "https://github.com/ramsey/collection/issues",
                "source": "https://github.com/ramsey/collection/tree/2.1.1"
            },
            "time": "2025-03-22T05:38:12+00:00"
        },
        {
            "name": "ramsey/uuid",
            "version": "4.8.1",
            "source": {
                "type": "git",
                "url": "https://github.com/ramsey/uuid.git",
                "reference": "fdf4dd4e2ff1813111bd0ad58d7a1ddbb5b56c28"
            },
            "dist": {
                "type": "zip",
                "url": "https://api.github.com/repos/ramsey/uuid/zipball/fdf4dd4e2ff1813111bd0ad58d7a1ddbb5b56c28",
                "reference": "fdf4dd4e2ff1813111bd0ad58d7a1ddbb5b56c28",
                "shasum": ""
            },
            "require": {
                "brick/math": "^0.8.8 || ^0.9 || ^0.10 || ^0.11 || ^0.12 || ^0.13",
                "ext-json": "*",
                "php": "^8.0",
                "ramsey/collection": "^1.2 || ^2.0"
            },
            "replace": {
                "rhumsaa/uuid": "self.version"
            },
            "require-dev": {
                "captainhook/captainhook": "^5.25",
                "captainhook/plugin-composer": "^5.3",
                "dealerdirect/phpcodesniffer-composer-installer": "^1.0",
                "ergebnis/composer-normalize": "^2.47",
                "mockery/mockery": "^1.6",
                "paragonie/random-lib": "^2",
                "php-mock/php-mock": "^2.6",
                "php-mock/php-mock-mockery": "^1.5",
                "php-parallel-lint/php-parallel-lint": "^1.4.0",
                "phpbench/phpbench": "^1.2.14",
                "phpstan/extension-installer": "^1.4",
                "phpstan/phpstan": "^2.1",
                "phpstan/phpstan-mockery": "^2.0",
                "phpstan/phpstan-phpunit": "^2.0",
                "phpunit/phpunit": "^9.6",
                "slevomat/coding-standard": "^8.18",
                "squizlabs/php_codesniffer": "^3.13"
            },
            "suggest": {
                "ext-bcmath": "Enables faster math with arbitrary-precision integers using BCMath.",
                "ext-gmp": "Enables faster math with arbitrary-precision integers using GMP.",
                "ext-uuid": "Enables the use of PeclUuidTimeGenerator and PeclUuidRandomGenerator.",
                "paragonie/random-lib": "Provides RandomLib for use with the RandomLibAdapter",
                "ramsey/uuid-doctrine": "Allows the use of Ramsey\\Uuid\\Uuid as Doctrine field type."
            },
            "type": "library",
            "extra": {
                "captainhook": {
                    "force-install": true
                }
            },
            "autoload": {
                "files": [
                    "src/functions.php"
                ],
                "psr-4": {
                    "Ramsey\\Uuid\\": "src/"
                }
            },
            "notification-url": "https://packagist.org/downloads/",
            "license": [
                "MIT"
            ],
            "description": "A PHP library for generating and working with universally unique identifiers (UUIDs).",
            "keywords": [
                "guid",
                "identifier",
                "uuid"
            ],
            "support": {
                "issues": "https://github.com/ramsey/uuid/issues",
                "source": "https://github.com/ramsey/uuid/tree/4.8.1"
            },
            "time": "2025-06-01T06:28:46+00:00"
        },
        {
            "name": "symfony/polyfill-ctype",
            "version": "v1.32.0",
            "source": {
                "type": "git",
                "url": "https://github.com/symfony/polyfill-ctype.git",
                "reference": "a3cc8b044a6ea513310cbd48ef7333b384945638"
            },
            "dist": {
                "type": "zip",
                "url": "https://api.github.com/repos/symfony/polyfill-ctype/zipball/a3cc8b044a6ea513310cbd48ef7333b384945638",
                "reference": "a3cc8b044a6ea513310cbd48ef7333b384945638",
                "shasum": ""
            },
            "require": {
                "php": ">=7.2"
            },
            "provide": {
                "ext-ctype": "*"
            },
            "suggest": {
                "ext-ctype": "For best performance"
            },
            "type": "library",
            "extra": {
                "thanks": {
                    "url": "https://github.com/symfony/polyfill",
                    "name": "symfony/polyfill"
                }
            },
            "autoload": {
                "files": [
                    "bootstrap.php"
                ],
                "psr-4": {
                    "Symfony\\Polyfill\\Ctype\\": ""
                }
            },
            "notification-url": "https://packagist.org/downloads/",
            "license": [
                "MIT"
            ],
            "authors": [
                {
                    "name": "Gert de Pagter",
                    "email": "BackEndTea@gmail.com"
                },
                {
                    "name": "Symfony Community",
                    "homepage": "https://symfony.com/contributors"
                }
            ],
            "description": "Symfony polyfill for ctype functions",
            "homepage": "https://symfony.com",
            "keywords": [
                "compatibility",
                "ctype",
                "polyfill",
                "portable"
            ],
            "support": {
                "source": "https://github.com/symfony/polyfill-ctype/tree/v1.32.0"
            },
            "funding": [
                {
                    "url": "https://symfony.com/sponsor",
                    "type": "custom"
                },
                {
                    "url": "https://github.com/fabpot",
                    "type": "github"
                },
                {
                    "url": "https://tidelift.com/funding/github/packagist/symfony/symfony",
                    "type": "tidelift"
                }
            ],
            "time": "2024-09-09T11:45:10+00:00"
        },
        {
            "name": "symfony/polyfill-mbstring",
            "version": "v1.32.0",
            "source": {
                "type": "git",
                "url": "https://github.com/symfony/polyfill-mbstring.git",
                "reference": "6d857f4d76bd4b343eac26d6b539585d2bc56493"
            },
            "dist": {
                "type": "zip",
                "url": "https://api.github.com/repos/symfony/polyfill-mbstring/zipball/6d857f4d76bd4b343eac26d6b539585d2bc56493",
                "reference": "6d857f4d76bd4b343eac26d6b539585d2bc56493",
                "shasum": ""
            },
            "require": {
                "ext-iconv": "*",
                "php": ">=7.2"
            },
            "provide": {
                "ext-mbstring": "*"
            },
            "suggest": {
                "ext-mbstring": "For best performance"
            },
            "type": "library",
            "extra": {
                "thanks": {
                    "url": "https://github.com/symfony/polyfill",
                    "name": "symfony/polyfill"
                }
            },
            "autoload": {
                "files": [
                    "bootstrap.php"
                ],
                "psr-4": {
                    "Symfony\\Polyfill\\Mbstring\\": ""
                }
            },
            "notification-url": "https://packagist.org/downloads/",
            "license": [
                "MIT"
            ],
            "authors": [
                {
                    "name": "Nicolas Grekas",
                    "email": "p@tchwork.com"
                },
                {
                    "name": "Symfony Community",
                    "homepage": "https://symfony.com/contributors"
                }
            ],
            "description": "Symfony polyfill for the Mbstring extension",
            "homepage": "https://symfony.com",
            "keywords": [
                "compatibility",
                "mbstring",
                "polyfill",
                "portable",
                "shim"
            ],
            "support": {
                "source": "https://github.com/symfony/polyfill-mbstring/tree/v1.32.0"
            },
            "funding": [
                {
                    "url": "https://symfony.com/sponsor",
                    "type": "custom"
                },
                {
                    "url": "https://github.com/fabpot",
                    "type": "github"
                },
                {
                    "url": "https://tidelift.com/funding/github/packagist/symfony/symfony",
                    "type": "tidelift"
                }
            ],
            "time": "2024-12-23T08:48:59+00:00"
        },
        {
            "name": "symfony/polyfill-php80",
            "version": "v1.32.0",
            "source": {
                "type": "git",
                "url": "https://github.com/symfony/polyfill-php80.git",
                "reference": "0cc9dd0f17f61d8131e7df6b84bd344899fe2608"
            },
            "dist": {
                "type": "zip",
                "url": "https://api.github.com/repos/symfony/polyfill-php80/zipball/0cc9dd0f17f61d8131e7df6b84bd344899fe2608",
                "reference": "0cc9dd0f17f61d8131e7df6b84bd344899fe2608",
                "shasum": ""
            },
            "require": {
                "php": ">=7.2"
            },
            "type": "library",
            "extra": {
                "thanks": {
                    "url": "https://github.com/symfony/polyfill",
                    "name": "symfony/polyfill"
                }
            },
            "autoload": {
                "files": [
                    "bootstrap.php"
                ],
                "psr-4": {
                    "Symfony\\Polyfill\\Php80\\": ""
                },
                "classmap": [
                    "Resources/stubs"
                ]
            },
            "notification-url": "https://packagist.org/downloads/",
            "license": [
                "MIT"
            ],
            "authors": [
                {
                    "name": "Ion Bazan",
                    "email": "ion.bazan@gmail.com"
                },
                {
                    "name": "Nicolas Grekas",
                    "email": "p@tchwork.com"
                },
                {
                    "name": "Symfony Community",
                    "homepage": "https://symfony.com/contributors"
                }
            ],
            "description": "Symfony polyfill backporting some PHP 8.0+ features to lower PHP versions",
            "homepage": "https://symfony.com",
            "keywords": [
                "compatibility",
                "polyfill",
                "portable",
                "shim"
            ],
            "support": {
                "source": "https://github.com/symfony/polyfill-php80/tree/v1.32.0"
            },
            "funding": [
                {
                    "url": "https://symfony.com/sponsor",
                    "type": "custom"
                },
                {
                    "url": "https://github.com/fabpot",
                    "type": "github"
                },
                {
                    "url": "https://tidelift.com/funding/github/packagist/symfony/symfony",
                    "type": "tidelift"
                }
            ],
            "time": "2025-01-02T08:10:11+00:00"
        },
        {
            "name": "vlucas/phpdotenv",
            "version": "v5.6.2",
            "source": {
                "type": "git",
                "url": "https://github.com/vlucas/phpdotenv.git",
                "reference": "24ac4c74f91ee2c193fa1aaa5c249cb0822809af"
            },
            "dist": {
                "type": "zip",
                "url": "https://api.github.com/repos/vlucas/phpdotenv/zipball/24ac4c74f91ee2c193fa1aaa5c249cb0822809af",
                "reference": "24ac4c74f91ee2c193fa1aaa5c249cb0822809af",
                "shasum": ""
            },
            "require": {
                "ext-pcre": "*",
                "graham-campbell/result-type": "^1.1.3",
                "php": "^7.2.5 || ^8.0",
                "phpoption/phpoption": "^1.9.3",
                "symfony/polyfill-ctype": "^1.24",
                "symfony/polyfill-mbstring": "^1.24",
                "symfony/polyfill-php80": "^1.24"
            },
            "require-dev": {
                "bamarni/composer-bin-plugin": "^1.8.2",
                "ext-filter": "*",
                "phpunit/phpunit": "^8.5.34 || ^9.6.13 || ^10.4.2"
            },
            "suggest": {
                "ext-filter": "Required to use the boolean validator."
            },
            "type": "library",
            "extra": {
                "bamarni-bin": {
                    "bin-links": true,
                    "forward-command": false
                },
                "branch-alias": {
                    "dev-master": "5.6-dev"
                }
            },
            "autoload": {
                "psr-4": {
                    "Dotenv\\": "src/"
                }
            },
            "notification-url": "https://packagist.org/downloads/",
            "license": [
                "BSD-3-Clause"
            ],
            "authors": [
                {
                    "name": "Graham Campbell",
                    "email": "hello@gjcampbell.co.uk",
                    "homepage": "https://github.com/GrahamCampbell"
                },
                {
                    "name": "Vance Lucas",
                    "email": "vance@vancelucas.com",
                    "homepage": "https://github.com/vlucas"
                }
            ],
            "description": "Loads environment variables from `.env` to `getenv()`, `$_ENV` and `$_SERVER` automagically.",
            "keywords": [
                "dotenv",
                "env",
                "environment"
            ],
            "support": {
                "issues": "https://github.com/vlucas/phpdotenv/issues",
                "source": "https://github.com/vlucas/phpdotenv/tree/v5.6.2"
            },
            "funding": [
                {
                    "url": "https://github.com/GrahamCampbell",
                    "type": "github"
                },
                {
                    "url": "https://tidelift.com/funding/github/packagist/vlucas/phpdotenv",
                    "type": "tidelift"
                }
            ],
            "time": "2025-04-30T23:37:27+00:00"
        },
        {
            "name": "webonyx/graphql-php",
            "version": "v15.2.1",
            "source": {
                "type": "git",
                "url": "https://github.com/webonyx/graphql-php.git",
                "reference": "6b02da9313065889eb783d623567476500a572ef"
            },
            "dist": {
                "type": "zip",
                "url": "https://api.github.com/repos/webonyx/graphql-php/zipball/6b02da9313065889eb783d623567476500a572ef",
                "reference": "6b02da9313065889eb783d623567476500a572ef",
                "shasum": ""
            },
            "require": {
                "ext-json": "*",
                "ext-mbstring": "*",
                "php": "^7.4 || ^8"
            },
            "require-dev": {
                "amphp/amp": "^2.6",
                "dms/phpunit-arraysubset-asserts": "^0.4",
                "ergebnis/composer-normalize": "^2.28",
                "mll-lab/php-cs-fixer-config": "^5.0",
                "nyholm/psr7": "^1.5",
                "phpbench/phpbench": "^1.2",
                "phpstan/extension-installer": "^1.1",
                "phpstan/phpstan": "1.10.3",
                "phpstan/phpstan-phpunit": "1.3.8",
                "phpstan/phpstan-strict-rules": "1.5.0",
                "phpunit/phpunit": "^9.5",
                "psr/http-message": "^1",
                "react/http": "^1.6",
                "react/promise": "^2.9",
                "symfony/polyfill-php81": "^1.23",
                "symfony/var-exporter": "^5 || ^6",
                "thecodingmachine/safe": "^1.3 || ^2"
            },
            "suggest": {
                "psr/http-message": "To use standard GraphQL server",
                "react/promise": "To leverage async resolving on React PHP platform"
            },
            "type": "library",
            "autoload": {
                "psr-4": {
                    "GraphQL\\": "src/"
                }
            },
            "notification-url": "https://packagist.org/downloads/",
            "license": [
                "MIT"
            ],
            "description": "A PHP port of GraphQL reference implementation",
            "homepage": "https://github.com/webonyx/graphql-php",
            "keywords": [
                "api",
                "graphql"
            ],
            "support": {
                "issues": "https://github.com/webonyx/graphql-php/issues",
                "source": "https://github.com/webonyx/graphql-php/tree/v15.2.1"
            },
            "funding": [
                {
                    "url": "https://opencollective.com/webonyx-graphql-php",
                    "type": "open_collective"
                }
            ],
            "time": "2023-02-28T13:00:18+00:00"
        }
    ],
    "packages-dev": [
        {
            "name": "squizlabs/php_codesniffer",
            "version": "3.13.2",
            "source": {
                "type": "git",
                "url": "https://github.com/PHPCSStandards/PHP_CodeSniffer.git",
                "reference": "5b5e3821314f947dd040c70f7992a64eac89025c"
            },
            "dist": {
                "type": "zip",
                "url": "https://api.github.com/repos/PHPCSStandards/PHP_CodeSniffer/zipball/5b5e3821314f947dd040c70f7992a64eac89025c",
                "reference": "5b5e3821314f947dd040c70f7992a64eac89025c",
                "shasum": ""
            },
            "require": {
                "ext-simplexml": "*",
                "ext-tokenizer": "*",
                "ext-xmlwriter": "*",
                "php": ">=5.4.0"
            },
            "require-dev": {
                "phpunit/phpunit": "^4.0 || ^5.0 || ^6.0 || ^7.0 || ^8.0 || ^9.3.4"
            },
            "bin": [
                "bin/phpcbf",
                "bin/phpcs"
            ],
            "type": "library",
            "extra": {
                "branch-alias": {
                    "dev-master": "3.x-dev"
                }
            },
            "notification-url": "https://packagist.org/downloads/",
            "license": [
                "BSD-3-Clause"
            ],
            "authors": [
                {
                    "name": "Greg Sherwood",
                    "role": "Former lead"
                },
                {
                    "name": "Juliette Reinders Folmer",
                    "role": "Current lead"
                },
                {
                    "name": "Contributors",
                    "homepage": "https://github.com/PHPCSStandards/PHP_CodeSniffer/graphs/contributors"
                }
            ],
            "description": "PHP_CodeSniffer tokenizes PHP, JavaScript and CSS files and detects violations of a defined set of coding standards.",
            "homepage": "https://github.com/PHPCSStandards/PHP_CodeSniffer",
            "keywords": [
                "phpcs",
                "standards",
                "static analysis"
            ],
            "support": {
                "issues": "https://github.com/PHPCSStandards/PHP_CodeSniffer/issues",
                "security": "https://github.com/PHPCSStandards/PHP_CodeSniffer/security/policy",
                "source": "https://github.com/PHPCSStandards/PHP_CodeSniffer",
                "wiki": "https://github.com/PHPCSStandards/PHP_CodeSniffer/wiki"
            },
            "funding": [
                {
                    "url": "https://github.com/PHPCSStandards",
                    "type": "github"
                },
                {
                    "url": "https://github.com/jrfnl",
                    "type": "github"
                },
                {
                    "url": "https://opencollective.com/php_codesniffer",
                    "type": "open_collective"
                },
                {
                    "url": "https://thanks.dev/u/gh/phpcsstandards",
                    "type": "thanks_dev"
                }
            ],
            "time": "2025-06-17T22:17:01+00:00"
        }
    ],
    "aliases": [],
    "minimum-stability": "stable",
    "stability-flags": [],
    "prefer-stable": false,
    "prefer-lowest": false,
    "platform": [],
    "platform-dev": [],
    "plugin-api-version": "2.3.0"
}
